
Microsoft Visual Studio Solution File, Format Version 12.00
# Visual Studio Version 16
VisualStudioVersion = 16.0.30406.217
MinimumVisualStudioVersion = 10.0.40219.1
Project("{FAE04EC0-301F-11D3-BF4B-00C04F79EFBC}") = "Native", "Native.csproj", "{2534788B-ACFF-415E-8B9C-2AA8C21A517F}"
EndProject
Global
	GlobalSection(SolutionConfigurationPlatforms) = preSolution
		Debug|Any CPU = Debug|Any CPU
		Release|Any CPU = Release|Any CPU
	EndGlobalSection
	GlobalSection(ProjectConfigurationPlatforms) = postSolution
		{2534788B-ACFF-415E-8B9C-2AA8C21A517F}.Debug|Any CPU.ActiveCfg = Debug|Any CPU
		{2534788B-ACFF-415E-8B9C-2AA8C21A517F}.Debug|Any CPU.Build.0 = Debug|Any CPU
		{2534788B-ACFF-415E-8B9C-2AA8C21A517F}.Release|Any CPU.ActiveCfg = Release|Any CPU
		{2534788B-ACFF-415E-8B9C-2AA8C21A517F}.Release|Any CPU.Build.0 = Release|Any CPU
	EndGlobalSection
	GlobalSection(SolutionProperties) = preSolution
		HideSolutionNode = FALSE
	EndGlobalSection
	GlobalSection(ExtensibilityGlobals) = postSolution
		SolutionGuid = {80734D06-4C22-4A9E-8289-FFE6978C7139}
	EndGlobalSection
EndGlobal
